version = 1
requires-python = ">=3.13"

[[package]]
name = "annotated-types"
version = "0.7.0"
source = { registry = "http://nexus.us.archive.org/repository/pypi-group/simple" }
sdist = { url = "http://nexus.us.archive.org/repository/pypi-group/packages/annotated-types/0.7.0/annotated_types-0.7.0.tar.gz", hash = "sha256:aff07c09a53a08bc8cfccb9c85b05f1aa9a2a6f23728d790723543408344ce89" }
wheels = [
    { url = "http://nexus.us.archive.org/repository/pypi-group/packages/annotated-types/0.7.0/annotated_types-0.7.0-py3-none-any.whl", hash = "sha256:1f02e8b43a8fbbc3f3e0d4f0f4bfc8131bcb4eebe8849b8e5c773f3a1c582a53" },
]

[[package]]
name = "asgiref"
version = "3.8.1"
source = { registry = "http://nexus.us.archive.org/repository/pypi-group/simple" }
sdist = { url = "http://nexus.us.archive.org/repository/pypi-group/packages/asgiref/3.8.1/asgiref-3.8.1.tar.gz", hash = "sha256:c343bd80a0bec947a9860adb4c432ffa7db769836c64238fc34bdc3fec84d590" }
wheels = [
    { url = "http://nexus.us.archive.org/repository/pypi-group/packages/asgiref/3.8.1/asgiref-3.8.1-py3-none-any.whl", hash = "sha256:3e1e3ecc849832fe52ccf2cb6686b7a55f82bb1d6aee72a58826471390335e47" },
]

[[package]]
name = "django"
version = "5.1.5"
source = { registry = "http://nexus.us.archive.org/repository/pypi-group/simple" }
dependencies = [
    { name = "asgiref" },
    { name = "sqlparse" },
    { name = "tzdata", marker = "sys_platform == 'win32'" },
]
sdist = { url = "http://nexus.us.archive.org/repository/pypi-group/packages/django/5.1.5/Django-5.1.5.tar.gz", hash = "sha256:19bbca786df50b9eca23cee79d495facf55c8f5c54c529d9bf1fe7b5ea086af3" }
wheels = [
    { url = "http://nexus.us.archive.org/repository/pypi-group/packages/django/5.1.5/Django-5.1.5-py3-none-any.whl", hash = "sha256:c46eb936111fffe6ec4bc9930035524a8be98ec2f74d8a0ff351226a3e52f459" },
]

[[package]]
name = "django-ninja"
version = "1.3.0"
source = { registry = "http://nexus.us.archive.org/repository/pypi-group/simple" }
dependencies = [
    { name = "django" },
    { name = "pydantic" },
]
sdist = { url = "http://nexus.us.archive.org/repository/pypi-group/packages/django-ninja/1.3.0/django_ninja-1.3.0.tar.gz", hash = "sha256:5b320e2dc0f41a6032bfa7e1ebc33559ae1e911a426f0c6be6674a50b20819be" }
wheels = [
    { url = "http://nexus.us.archive.org/repository/pypi-group/packages/django-ninja/1.3.0/django_ninja-1.3.0-py3-none-any.whl", hash = "sha256:f58096b6c767d1403dfd6c49743f82d780d7b9688d9302ecab316ac1fa6131bb" },
]

[[package]]
name = "django-stubs"
version = "5.1.2"
source = { registry = "http://nexus.us.archive.org/repository/pypi-group/simple" }
dependencies = [
    { name = "asgiref" },
    { name = "django" },
    { name = "django-stubs-ext" },
    { name = "types-pyyaml" },
    { name = "typing-extensions" },
]
sdist = { url = "http://nexus.us.archive.org/repository/pypi-group/packages/django-stubs/5.1.2/django_stubs-5.1.2.tar.gz", hash = "sha256:a0fcb3659bab46a6d835cc2d9bff3fc29c36ccea41a10e8b1930427bc0f9f0df" }
wheels = [
    { url = "http://nexus.us.archive.org/repository/pypi-group/packages/django-stubs/5.1.2/django_stubs-5.1.2-py3-none-any.whl", hash = "sha256:04ddc778faded6fb48468a8da9e98b8d12b9ba983faa648d37a73ebde0f024da" },
]

[package.optional-dependencies]
compatible-mypy = [
    { name = "mypy" },
]

[[package]]
name = "django-stubs-ext"
version = "5.1.2"
source = { registry = "http://nexus.us.archive.org/repository/pypi-group/simple" }
dependencies = [
    { name = "django" },
    { name = "typing-extensions" },
]
sdist = { url = "http://nexus.us.archive.org/repository/pypi-group/packages/django-stubs-ext/5.1.2/django_stubs_ext-5.1.2.tar.gz", hash = "sha256:421c0c3025a68e3ab8e16f065fad9ba93335ecefe2dd92a0cff97a665680266c" }
wheels = [
    { url = "http://nexus.us.archive.org/repository/pypi-group/packages/django-stubs-ext/5.1.2/django_stubs_ext-5.1.2-py3-none-any.whl", hash = "sha256:6c559214538d6a26f631ca638ddc3251a0a891d607de8ce01d23d3201ad8ad6c" },
]

[[package]]
name = "djscholar"
version = "0.1.0"
source = { editable = "." }
dependencies = [
    { name = "django" },
    { name = "django-ninja" },
    { name = "psycopg", extra = ["binary"] },
]

[package.dev-dependencies]
dev = [
    { name = "django-stubs", extra = ["compatible-mypy"] },
    { name = "mypy" },
    { name = "ruff" },
]

[package.metadata]
requires-dist = [
    { name = "django", specifier = ">=5.1.5" },
    { name = "django-ninja", specifier = ">=1.3.0" },
    { name = "psycopg", extras = ["binary"], specifier = ">=3.2.4" },
]

[package.metadata.requires-dev]
dev = [
    { name = "django-stubs", extras = ["compatible-mypy"], specifier = ">=5.1.2" },
    { name = "mypy", specifier = ">=1.14.1" },
    { name = "ruff", specifier = ">=0.9.3" },
]

[[package]]
name = "mypy"
version = "1.14.1"
source = { registry = "http://nexus.us.archive.org/repository/pypi-group/simple" }
dependencies = [
    { name = "mypy-extensions" },
    { name = "typing-extensions" },
]
sdist = { url = "http://nexus.us.archive.org/repository/pypi-group/packages/mypy/1.14.1/mypy-1.14.1.tar.gz", hash = "sha256:7ec88144fe9b510e8475ec2f5f251992690fcf89ccb4500b214b4226abcd32d6" }
wheels = [
    { url = "http://nexus.us.archive.org/repository/pypi-group/packages/mypy/1.14.1/mypy-1.14.1-cp313-cp313-macosx_10_13_x86_64.whl", hash = "sha256:92c3ed5afb06c3a8e188cb5da4984cab9ec9a77ba956ee419c68a388b4595255" },
    { url = "http://nexus.us.archive.org/repository/pypi-group/packages/mypy/1.14.1/mypy-1.14.1-cp313-cp313-macosx_11_0_arm64.whl", hash = "sha256:dbec574648b3e25f43d23577309b16534431db4ddc09fda50841f1e34e64ed34" },
    { url = "http://nexus.us.archive.org/repository/pypi-group/packages/mypy/1.14.1/mypy-1.14.1-cp313-cp313-manylinux_2_17_aarch64.manylinux2014_aarch64.manylinux_2_28_aarch64.whl", hash = "sha256:8c6d94b16d62eb3e947281aa7347d78236688e21081f11de976376cf010eb31a" },
    { url = "http://nexus.us.archive.org/repository/pypi-group/packages/mypy/1.14.1/mypy-1.14.1-cp313-cp313-manylinux_2_17_x86_64.manylinux2014_x86_64.manylinux_2_28_x86_64.whl", hash = "sha256:d4b19b03fdf54f3c5b2fa474c56b4c13c9dbfb9a2db4370ede7ec11a2c5927d9" },
    { url = "http://nexus.us.archive.org/repository/pypi-group/packages/mypy/1.14.1/mypy-1.14.1-cp313-cp313-musllinux_1_2_x86_64.whl", hash = "sha256:0c911fde686394753fff899c409fd4e16e9b294c24bfd5e1ea4675deae1ac6fd" },
    { url = "http://nexus.us.archive.org/repository/pypi-group/packages/mypy/1.14.1/mypy-1.14.1-cp313-cp313-win_amd64.whl", hash = "sha256:8b21525cb51671219f5307be85f7e646a153e5acc656e5cebf64bfa076c50107" },
    { url = "http://nexus.us.archive.org/repository/pypi-group/packages/mypy/1.14.1/mypy-1.14.1-py3-none-any.whl", hash = "sha256:b66a60cc4073aeb8ae00057f9c1f64d49e90f918fbcef9a977eb121da8b8f1d1" },
]

[[package]]
name = "mypy-extensions"
version = "1.0.0"
source = { registry = "http://nexus.us.archive.org/repository/pypi-group/simple" }
sdist = { url = "http://nexus.us.archive.org/repository/pypi-group/packages/mypy-extensions/1.0.0/mypy_extensions-1.0.0.tar.gz", hash = "sha256:75dbf8955dc00442a438fc4d0666508a9a97b6bd41aa2f0ffe9d2f2725af0782" }
wheels = [
    { url = "http://nexus.us.archive.org/repository/pypi-group/packages/mypy-extensions/1.0.0/mypy_extensions-1.0.0-py3-none-any.whl", hash = "sha256:4392f6c0eb8a5668a69e23d168ffa70f0be9ccfd32b5cc2d26a34ae5b844552d" },
]

[[package]]
name = "psycopg"
version = "3.2.4"
source = { registry = "http://nexus.us.archive.org/repository/pypi-group/simple" }
dependencies = [
    { name = "tzdata", marker = "sys_platform == 'win32'" },
]
sdist = { url = "http://nexus.us.archive.org/repository/pypi-group/packages/psycopg/3.2.4/psycopg-3.2.4.tar.gz", hash = "sha256:f26f1346d6bf1ef5f5ef1714dd405c67fb365cfd1c6cea07de1792747b167b92" }
wheels = [
    { url = "http://nexus.us.archive.org/repository/pypi-group/packages/psycopg/3.2.4/psycopg-3.2.4-py3-none-any.whl", hash = "sha256:43665368ccd48180744cab26b74332f46b63b7e06e8ce0775547a3533883d381" },
]

[package.optional-dependencies]
binary = [
    { name = "psycopg-binary", marker = "implementation_name != 'pypy'" },
]

[[package]]
name = "psycopg-binary"
version = "3.2.4"
source = { registry = "http://nexus.us.archive.org/repository/pypi-group/simple" }
wheels = [
    { url = "http://nexus.us.archive.org/repository/pypi-group/packages/psycopg-binary/3.2.4/psycopg_binary-3.2.4-cp313-cp313-macosx_10_13_x86_64.whl", hash = "sha256:81ab801c0d35830c876bf0d1edc8e7dd2f73aa2b04fe24eb812159c0b054d149" },
    { url = "http://nexus.us.archive.org/repository/pypi-group/packages/psycopg-binary/3.2.4/psycopg_binary-3.2.4-cp313-cp313-macosx_11_0_arm64.whl", hash = "sha256:c09e02ce1124eb6638b3381df050a8cf88aedfad4522f939945cda49050a990c" },
    { url = "http://nexus.us.archive.org/repository/pypi-group/packages/psycopg-binary/3.2.4/psycopg_binary-3.2.4-cp313-cp313-manylinux_2_17_aarch64.manylinux2014_aarch64.whl", hash = "sha256:a249cdc6a5c2b5088a8677acba66b291e5237524739ab3d27498e1ef189312f5" },
    { url = "http://nexus.us.archive.org/repository/pypi-group/packages/psycopg-binary/3.2.4/psycopg_binary-3.2.4-cp313-cp313-manylinux_2_17_i686.manylinux2014_i686.whl", hash = "sha256:d2960ba8a5c0ad75e184f6d8bf76bdf023708999efe75fe4e13445136c1cd206" },
    { url = "http://nexus.us.archive.org/repository/pypi-group/packages/psycopg-binary/3.2.4/psycopg_binary-3.2.4-cp313-cp313-manylinux_2_17_ppc64le.manylinux2014_ppc64le.whl", hash = "sha256:3dae2e50b0d3425c167eebbedc3553f7c811dbc0dbfc737b6877f68a03be7daf" },
    { url = "http://nexus.us.archive.org/repository/pypi-group/packages/psycopg-binary/3.2.4/psycopg_binary-3.2.4-cp313-cp313-manylinux_2_17_x86_64.manylinux2014_x86_64.whl", hash = "sha256:03bf7ee7e0002c2cce43ecb923ec510358056eb2e44a96afaeb0424518f35206" },
    { url = "http://nexus.us.archive.org/repository/pypi-group/packages/psycopg-binary/3.2.4/psycopg_binary-3.2.4-cp313-cp313-musllinux_1_2_aarch64.whl", hash = "sha256:5f5c85eeb63b1a8a6b026eef57f5da36ff215ce9a6a3bb8e20a409670d6cfbda" },
    { url = "http://nexus.us.archive.org/repository/pypi-group/packages/psycopg-binary/3.2.4/psycopg_binary-3.2.4-cp313-cp313-musllinux_1_2_i686.whl", hash = "sha256:8c7b95899d4d6d23c5cc46cb3419e8e6ca68d867509432ee1487042564a1ea55" },
    { url = "http://nexus.us.archive.org/repository/pypi-group/packages/psycopg-binary/3.2.4/psycopg_binary-3.2.4-cp313-cp313-musllinux_1_2_ppc64le.whl", hash = "sha256:fa4acea9ca20a567c3872a5afab2084751530bb57b8fb6b52820d5c54e7c8c3b" },
    { url = "http://nexus.us.archive.org/repository/pypi-group/packages/psycopg-binary/3.2.4/psycopg_binary-3.2.4-cp313-cp313-musllinux_1_2_x86_64.whl", hash = "sha256:5c487f35a1905bb15da927c1fc05f70f3d29f0e21fb4ba21d360a0da9c755f20" },
    { url = "http://nexus.us.archive.org/repository/pypi-group/packages/psycopg-binary/3.2.4/psycopg_binary-3.2.4-cp313-cp313-win_amd64.whl", hash = "sha256:80297c3a9f7b5a6afdb0d8f220661ccd796e5c9128c44b32c41267f7daefd37f" },
]

[[package]]
name = "pydantic"
version = "2.10.6"
source = { registry = "http://nexus.us.archive.org/repository/pypi-group/simple" }
dependencies = [
    { name = "annotated-types" },
    { name = "pydantic-core" },
    { name = "typing-extensions" },
]
sdist = { url = "http://nexus.us.archive.org/repository/pypi-group/packages/pydantic/2.10.6/pydantic-2.10.6.tar.gz", hash = "sha256:ca5daa827cce33de7a42be142548b0096bf05a7e7b365aebfa5f8eeec7128236" }
wheels = [
    { url = "http://nexus.us.archive.org/repository/pypi-group/packages/pydantic/2.10.6/pydantic-2.10.6-py3-none-any.whl", hash = "sha256:427d664bf0b8a2b34ff5dd0f5a18df00591adcee7198fbd71981054cef37b584" },
]

[[package]]
name = "pydantic-core"
version = "2.27.2"
source = { registry = "http://nexus.us.archive.org/repository/pypi-group/simple" }
dependencies = [
    { name = "typing-extensions" },
]
sdist = { url = "http://nexus.us.archive.org/repository/pypi-group/packages/pydantic-core/2.27.2/pydantic_core-2.27.2.tar.gz", hash = "sha256:eb026e5a4c1fee05726072337ff51d1efb6f59090b7da90d30ea58625b1ffb39" }
wheels = [
    { url = "http://nexus.us.archive.org/repository/pypi-group/packages/pydantic-core/2.27.2/pydantic_core-2.27.2-cp313-cp313-macosx_10_12_x86_64.whl", hash = "sha256:7d14bd329640e63852364c306f4d23eb744e0f8193148d4044dd3dacdaacbd8b" },
    { url = "http://nexus.us.archive.org/repository/pypi-group/packages/pydantic-core/2.27.2/pydantic_core-2.27.2-cp313-cp313-macosx_11_0_arm64.whl", hash = "sha256:82f91663004eb8ed30ff478d77c4d1179b3563df6cdb15c0817cd1cdaf34d154" },
    { url = "http://nexus.us.archive.org/repository/pypi-group/packages/pydantic-core/2.27.2/pydantic_core-2.27.2-cp313-cp313-manylinux_2_17_aarch64.manylinux2014_aarch64.whl", hash = "sha256:71b24c7d61131bb83df10cc7e687433609963a944ccf45190cfc21e0887b08c9" },
    { url = "http://nexus.us.archive.org/repository/pypi-group/packages/pydantic-core/2.27.2/pydantic_core-2.27.2-cp313-cp313-manylinux_2_17_armv7l.manylinux2014_armv7l.whl", hash = "sha256:fa8e459d4954f608fa26116118bb67f56b93b209c39b008277ace29937453dc9" },
    { url = "http://nexus.us.archive.org/repository/pypi-group/packages/pydantic-core/2.27.2/pydantic_core-2.27.2-cp313-cp313-manylinux_2_17_ppc64le.manylinux2014_ppc64le.whl", hash = "sha256:ce8918cbebc8da707ba805b7fd0b382816858728ae7fe19a942080c24e5b7cd1" },
    { url = "http://nexus.us.archive.org/repository/pypi-group/packages/pydantic-core/2.27.2/pydantic_core-2.27.2-cp313-cp313-manylinux_2_17_s390x.manylinux2014_s390x.whl", hash = "sha256:eda3f5c2a021bbc5d976107bb302e0131351c2ba54343f8a496dc8783d3d3a6a" },
    { url = "http://nexus.us.archive.org/repository/pypi-group/packages/pydantic-core/2.27.2/pydantic_core-2.27.2-cp313-cp313-manylinux_2_17_x86_64.manylinux2014_x86_64.whl", hash = "sha256:bd8086fa684c4775c27f03f062cbb9eaa6e17f064307e86b21b9e0abc9c0f02e" },
    { url = "http://nexus.us.archive.org/repository/pypi-group/packages/pydantic-core/2.27.2/pydantic_core-2.27.2-cp313-cp313-manylinux_2_5_i686.manylinux1_i686.whl", hash = "sha256:8d9b3388db186ba0c099a6d20f0604a44eabdeef1777ddd94786cdae158729e4" },
    { url = "http://nexus.us.archive.org/repository/pypi-group/packages/pydantic-core/2.27.2/pydantic_core-2.27.2-cp313-cp313-musllinux_1_1_aarch64.whl", hash = "sha256:7a66efda2387de898c8f38c0cf7f14fca0b51a8ef0b24bfea5849f1b3c95af27" },
    { url = "http://nexus.us.archive.org/repository/pypi-group/packages/pydantic-core/2.27.2/pydantic_core-2.27.2-cp313-cp313-musllinux_1_1_armv7l.whl", hash = "sha256:18a101c168e4e092ab40dbc2503bdc0f62010e95d292b27827871dc85450d7ee" },
    { url = "http://nexus.us.archive.org/repository/pypi-group/packages/pydantic-core/2.27.2/pydantic_core-2.27.2-cp313-cp313-musllinux_1_1_x86_64.whl", hash = "sha256:ba5dd002f88b78a4215ed2f8ddbdf85e8513382820ba15ad5ad8955ce0ca19a1" },
    { url = "http://nexus.us.archive.org/repository/pypi-group/packages/pydantic-core/2.27.2/pydantic_core-2.27.2-cp313-cp313-win32.whl", hash = "sha256:1ebaf1d0481914d004a573394f4be3a7616334be70261007e47c2a6fe7e50130" },
    { url = "http://nexus.us.archive.org/repository/pypi-group/packages/pydantic-core/2.27.2/pydantic_core-2.27.2-cp313-cp313-win_amd64.whl", hash = "sha256:953101387ecf2f5652883208769a79e48db18c6df442568a0b5ccd8c2723abee" },
    { url = "http://nexus.us.archive.org/repository/pypi-group/packages/pydantic-core/2.27.2/pydantic_core-2.27.2-cp313-cp313-win_arm64.whl", hash = "sha256:ac4dbfd1691affb8f48c2c13241a2e3b60ff23247cbcf981759c768b6633cf8b" },
]

[[package]]
name = "ruff"
version = "0.9.3"
source = { registry = "http://nexus.us.archive.org/repository/pypi-group/simple" }
sdist = { url = "http://nexus.us.archive.org/repository/pypi-group/packages/ruff/0.9.3/ruff-0.9.3.tar.gz", hash = "sha256:8293f89985a090ebc3ed1064df31f3b4b56320cdfcec8b60d3295bddb955c22a" }
wheels = [
    { url = "http://nexus.us.archive.org/repository/pypi-group/packages/ruff/0.9.3/ruff-0.9.3-py3-none-linux_armv6l.whl", hash = "sha256:7f39b879064c7d9670197d91124a75d118d00b0990586549949aae80cdc16624" },
    { url = "http://nexus.us.archive.org/repository/pypi-group/packages/ruff/0.9.3/ruff-0.9.3-py3-none-macosx_10_12_x86_64.whl", hash = "sha256:a187171e7c09efa4b4cc30ee5d0d55a8d6c5311b3e1b74ac5cb96cc89bafc43c" },
    { url = "http://nexus.us.archive.org/repository/pypi-group/packages/ruff/0.9.3/ruff-0.9.3-py3-none-macosx_11_0_arm64.whl", hash = "sha256:c59ab92f8e92d6725b7ded9d4a31be3ef42688a115c6d3da9457a5bda140e2b4" },
    { url = "http://nexus.us.archive.org/repository/pypi-group/packages/ruff/0.9.3/ruff-0.9.3-py3-none-manylinux_2_17_aarch64.manylinux2014_aarch64.whl", hash = "sha256:2dc153c25e715be41bb228bc651c1e9b1a88d5c6e5ed0194fa0dfea02b026439" },
    { url = "http://nexus.us.archive.org/repository/pypi-group/packages/ruff/0.9.3/ruff-0.9.3-py3-none-manylinux_2_17_armv7l.manylinux2014_armv7l.whl", hash = "sha256:646909a1e25e0dc28fbc529eab8eb7bb583079628e8cbe738192853dbbe43af5" },
    { url = "http://nexus.us.archive.org/repository/pypi-group/packages/ruff/0.9.3/ruff-0.9.3-py3-none-manylinux_2_17_i686.manylinux2014_i686.whl", hash = "sha256:5a5a46e09355695fbdbb30ed9889d6cf1c61b77b700a9fafc21b41f097bfbba4" },
    { url = "http://nexus.us.archive.org/repository/pypi-group/packages/ruff/0.9.3/ruff-0.9.3-py3-none-manylinux_2_17_ppc64.manylinux2014_ppc64.whl", hash = "sha256:c4bb09d2bbb394e3730d0918c00276e79b2de70ec2a5231cd4ebb51a57df9ba1" },
    { url = "http://nexus.us.archive.org/repository/pypi-group/packages/ruff/0.9.3/ruff-0.9.3-py3-none-manylinux_2_17_ppc64le.manylinux2014_ppc64le.whl", hash = "sha256:96a87ec31dc1044d8c2da2ebbed1c456d9b561e7d087734336518181b26b3aa5" },
    { url = "http://nexus.us.archive.org/repository/pypi-group/packages/ruff/0.9.3/ruff-0.9.3-py3-none-manylinux_2_17_s390x.manylinux2014_s390x.whl", hash = "sha256:9bb7554aca6f842645022fe2d301c264e6925baa708b392867b7a62645304df4" },
    { url = "http://nexus.us.archive.org/repository/pypi-group/packages/ruff/0.9.3/ruff-0.9.3-py3-none-manylinux_2_17_x86_64.manylinux2014_x86_64.whl", hash = "sha256:cabc332b7075a914ecea912cd1f3d4370489c8018f2c945a30bcc934e3bc06a6" },
    { url = "http://nexus.us.archive.org/repository/pypi-group/packages/ruff/0.9.3/ruff-0.9.3-py3-none-musllinux_1_2_aarch64.whl", hash = "sha256:33866c3cc2a575cbd546f2cd02bdd466fed65118e4365ee538a3deffd6fcb730" },
    { url = "http://nexus.us.archive.org/repository/pypi-group/packages/ruff/0.9.3/ruff-0.9.3-py3-none-musllinux_1_2_armv7l.whl", hash = "sha256:006e5de2621304c8810bcd2ee101587712fa93b4f955ed0985907a36c427e0c2" },
    { url = "http://nexus.us.archive.org/repository/pypi-group/packages/ruff/0.9.3/ruff-0.9.3-py3-none-musllinux_1_2_i686.whl", hash = "sha256:ba6eea4459dbd6b1be4e6bfc766079fb9b8dd2e5a35aff6baee4d9b1514ea519" },
    { url = "http://nexus.us.archive.org/repository/pypi-group/packages/ruff/0.9.3/ruff-0.9.3-py3-none-musllinux_1_2_x86_64.whl", hash = "sha256:90230a6b8055ad47d3325e9ee8f8a9ae7e273078a66401ac66df68943ced029b" },
    { url = "http://nexus.us.archive.org/repository/pypi-group/packages/ruff/0.9.3/ruff-0.9.3-py3-none-win32.whl", hash = "sha256:eabe5eb2c19a42f4808c03b82bd313fc84d4e395133fb3fc1b1516170a31213c" },
    { url = "http://nexus.us.archive.org/repository/pypi-group/packages/ruff/0.9.3/ruff-0.9.3-py3-none-win_amd64.whl", hash = "sha256:040ceb7f20791dfa0e78b4230ee9dce23da3b64dd5848e40e3bf3ab76468dcf4" },
    { url = "http://nexus.us.archive.org/repository/pypi-group/packages/ruff/0.9.3/ruff-0.9.3-py3-none-win_arm64.whl", hash = "sha256:800d773f6d4d33b0a3c60e2c6ae8f4c202ea2de056365acfa519aa48acf28e0b" },
]

[[package]]
name = "sqlparse"
version = "0.5.3"
source = { registry = "http://nexus.us.archive.org/repository/pypi-group/simple" }
sdist = { url = "http://nexus.us.archive.org/repository/pypi-group/packages/sqlparse/0.5.3/sqlparse-0.5.3.tar.gz", hash = "sha256:09f67787f56a0b16ecdbde1bfc7f5d9c3371ca683cfeaa8e6ff60b4807ec9272" }
wheels = [
    { url = "http://nexus.us.archive.org/repository/pypi-group/packages/sqlparse/0.5.3/sqlparse-0.5.3-py3-none-any.whl", hash = "sha256:cf2196ed3418f3ba5de6af7e82c694a9fbdbfecccdfc72e281548517081f16ca" },
]

[[package]]
name = "types-pyyaml"
version = "6.0.12.20241230"
source = { registry = "http://nexus.us.archive.org/repository/pypi-group/simple" }
sdist = { url = "http://nexus.us.archive.org/repository/pypi-group/packages/types-pyyaml/6.0.12.20241230/types_pyyaml-6.0.12.20241230.tar.gz", hash = "sha256:7f07622dbd34bb9c8b264fe860a17e0efcad00d50b5f27e93984909d9363498c" }
wheels = [
    { url = "http://nexus.us.archive.org/repository/pypi-group/packages/types-pyyaml/6.0.12.20241230/types_PyYAML-6.0.12.20241230-py3-none-any.whl", hash = "sha256:fa4d32565219b68e6dee5f67534c722e53c00d1cfc09c435ef04d7353e1e96e6" },
]

[[package]]
name = "typing-extensions"
version = "4.12.2"
source = { registry = "http://nexus.us.archive.org/repository/pypi-group/simple" }
sdist = { url = "http://nexus.us.archive.org/repository/pypi-group/packages/typing-extensions/4.12.2/typing_extensions-4.12.2.tar.gz", hash = "sha256:1a7ead55c7e559dd4dee8856e3a88b41225abfe1ce8df57b7c13915fe121ffb8" }
wheels = [
    { url = "http://nexus.us.archive.org/repository/pypi-group/packages/typing-extensions/4.12.2/typing_extensions-4.12.2-py3-none-any.whl", hash = "sha256:04e5ca0351e0f3f85c6853954072df659d0d13fac324d0072316b67d7794700d" },
]

[[package]]
name = "tzdata"
version = "2025.1"
source = { registry = "http://nexus.us.archive.org/repository/pypi-group/simple" }
sdist = { url = "http://nexus.us.archive.org/repository/pypi-group/packages/tzdata/2025.1/tzdata-2025.1.tar.gz", hash = "sha256:24894909e88cdb28bd1636c6887801df64cb485bd593f2fd83ef29075a81d694" }
wheels = [
    { url = "http://nexus.us.archive.org/repository/pypi-group/packages/tzdata/2025.1/tzdata-2025.1-py2.py3-none-any.whl", hash = "sha256:7e127113816800496f027041c570f50bcd464a020098a3b6b199517772303639" },
]
