version = 1
requires-python = ">=3.13"

[[package]]
name = "annotated-types"
version = "0.7.0"
source = { registry = "http://nexus.us.archive.org/repository/pypi-group/simple" }
sdist = { url = "http://nexus.us.archive.org/repository/pypi-group/packages/annotated-types/0.7.0/annotated_types-0.7.0.tar.gz", hash = "sha256:aff07c09a53a08bc8cfccb9c85b05f1aa9a2a6f23728d790723543408344ce89" }
wheels = [
    { url = "http://nexus.us.archive.org/repository/pypi-group/packages/annotated-types/0.7.0/annotated_types-0.7.0-py3-none-any.whl", hash = "sha256:1f02e8b43a8fbbc3f3e0d4f0f4bfc8131bcb4eebe8849b8e5c773f3a1c582a53" },
]

[[package]]
name = "asgiref"
version = "3.8.1"
source = { registry = "http://nexus.us.archive.org/repository/pypi-group/simple" }
sdist = { url = "http://nexus.us.archive.org/repository/pypi-group/packages/asgiref/3.8.1/asgiref-3.8.1.tar.gz", hash = "sha256:c343bd80a0bec947a9860adb4c432ffa7db769836c64238fc34bdc3fec84d590" }
wheels = [
    { url = "http://nexus.us.archive.org/repository/pypi-group/packages/asgiref/3.8.1/asgiref-3.8.1-py3-none-any.whl", hash = "sha256:3e1e3ecc849832fe52ccf2cb6686b7a55f82bb1d6aee72a58826471390335e47" },
]

[[package]]
name = "certifi"
version = "2025.1.31"
source = { registry = "http://nexus.us.archive.org/repository/pypi-group/simple" }
sdist = { url = "http://nexus.us.archive.org/repository/pypi-group/packages/certifi/2025.1.31/certifi-2025.1.31.tar.gz", hash = "sha256:3d5da6925056f6f18f119200434a4780a94263f10d1c21d032a6f6b2baa20651" }
wheels = [
    { url = "http://nexus.us.archive.org/repository/pypi-group/packages/certifi/2025.1.31/certifi-2025.1.31-py3-none-any.whl", hash = "sha256:ca78db4565a652026a4db2bcdf68f2fb589ea80d0be70e03929ed730746b84fe" },
]

[[package]]
name = "cffi"
version = "1.17.1"
source = { registry = "http://nexus.us.archive.org/repository/pypi-group/simple" }
dependencies = [
    { name = "pycparser" },
]
sdist = { url = "http://nexus.us.archive.org/repository/pypi-group/packages/cffi/1.17.1/cffi-1.17.1.tar.gz", hash = "sha256:1c39c6016c32bc48dd54561950ebd6836e1670f2ae46128f67cf49e789c52824" }
wheels = [
    { url = "http://nexus.us.archive.org/repository/pypi-group/packages/cffi/1.17.1/cffi-1.17.1-cp313-cp313-win32.whl", hash = "sha256:e03eab0a8677fa80d646b5ddece1cbeaf556c313dcfac435ba11f107ba117b5d" },
    { url = "http://nexus.us.archive.org/repository/pypi-group/packages/cffi/1.17.1/cffi-1.17.1-cp313-cp313-win_amd64.whl", hash = "sha256:f6a16c31041f09ead72d69f583767292f750d24913dadacf5756b966aacb3f1a" },
]

[[package]]
name = "charset-normalizer"
version = "3.4.1"
source = { registry = "http://nexus.us.archive.org/repository/pypi-group/simple" }
sdist = { url = "http://nexus.us.archive.org/repository/pypi-group/packages/charset-normalizer/3.4.1/charset_normalizer-3.4.1.tar.gz", hash = "sha256:44251f18cd68a75b56585dd00dae26183e102cd5e0f9f1466e6df5da2ed64ea3" }
wheels = [
    { url = "http://nexus.us.archive.org/repository/pypi-group/packages/charset-normalizer/3.4.1/charset_normalizer-3.4.1-cp313-cp313-macosx_10_13_universal2.whl", hash = "sha256:aabfa34badd18f1da5ec1bc2715cadc8dca465868a4e73a0173466b688f29dda" },
    { url = "http://nexus.us.archive.org/repository/pypi-group/packages/charset-normalizer/3.4.1/charset_normalizer-3.4.1-cp313-cp313-manylinux_2_17_aarch64.manylinux2014_aarch64.whl", hash = "sha256:22e14b5d70560b8dd51ec22863f370d1e595ac3d024cb8ad7d308b4cd95f8313" },
    { url = "http://nexus.us.archive.org/repository/pypi-group/packages/charset-normalizer/3.4.1/charset_normalizer-3.4.1-cp313-cp313-manylinux_2_17_ppc64le.manylinux2014_ppc64le.whl", hash = "sha256:8436c508b408b82d87dc5f62496973a1805cd46727c34440b0d29d8a2f50a6c9" },
    { url = "http://nexus.us.archive.org/repository/pypi-group/packages/charset-normalizer/3.4.1/charset_normalizer-3.4.1-cp313-cp313-manylinux_2_17_s390x.manylinux2014_s390x.whl", hash = "sha256:2d074908e1aecee37a7635990b2c6d504cd4766c7bc9fc86d63f9c09af3fa11b" },
    { url = "http://nexus.us.archive.org/repository/pypi-group/packages/charset-normalizer/3.4.1/charset_normalizer-3.4.1-cp313-cp313-manylinux_2_17_x86_64.manylinux2014_x86_64.whl", hash = "sha256:955f8851919303c92343d2f66165294848d57e9bba6cf6e3625485a70a038d11" },
    { url = "http://nexus.us.archive.org/repository/pypi-group/packages/charset-normalizer/3.4.1/charset_normalizer-3.4.1-cp313-cp313-manylinux_2_5_i686.manylinux1_i686.manylinux_2_17_i686.manylinux2014_i686.whl", hash = "sha256:44ecbf16649486d4aebafeaa7ec4c9fed8b88101f4dd612dcaf65d5e815f837f" },
    { url = "http://nexus.us.archive.org/repository/pypi-group/packages/charset-normalizer/3.4.1/charset_normalizer-3.4.1-cp313-cp313-musllinux_1_2_aarch64.whl", hash = "sha256:0924e81d3d5e70f8126529951dac65c1010cdf117bb75eb02dd12339b57749dd" },
    { url = "http://nexus.us.archive.org/repository/pypi-group/packages/charset-normalizer/3.4.1/charset_normalizer-3.4.1-cp313-cp313-musllinux_1_2_i686.whl", hash = "sha256:2967f74ad52c3b98de4c3b32e1a44e32975e008a9cd2a8cc8966d6a5218c5cb2" },
    { url = "http://nexus.us.archive.org/repository/pypi-group/packages/charset-normalizer/3.4.1/charset_normalizer-3.4.1-cp313-cp313-musllinux_1_2_ppc64le.whl", hash = "sha256:c75cb2a3e389853835e84a2d8fb2b81a10645b503eca9bcb98df6b5a43eb8886" },
    { url = "http://nexus.us.archive.org/repository/pypi-group/packages/charset-normalizer/3.4.1/charset_normalizer-3.4.1-cp313-cp313-musllinux_1_2_s390x.whl", hash = "sha256:09b26ae6b1abf0d27570633b2b078a2a20419c99d66fb2823173d73f188ce601" },
    { url = "http://nexus.us.archive.org/repository/pypi-group/packages/charset-normalizer/3.4.1/charset_normalizer-3.4.1-cp313-cp313-musllinux_1_2_x86_64.whl", hash = "sha256:fa88b843d6e211393a37219e6a1c1df99d35e8fd90446f1118f4216e307e48cd" },
    { url = "http://nexus.us.archive.org/repository/pypi-group/packages/charset-normalizer/3.4.1/charset_normalizer-3.4.1-cp313-cp313-win32.whl", hash = "sha256:eb8178fe3dba6450a3e024e95ac49ed3400e506fd4e9e5c32d30adda88cbd407" },
    { url = "http://nexus.us.archive.org/repository/pypi-group/packages/charset-normalizer/3.4.1/charset_normalizer-3.4.1-cp313-cp313-win_amd64.whl", hash = "sha256:b1ac5992a838106edb89654e0aebfc24f5848ae2547d22c2c3f66454daa11971" },
    { url = "http://nexus.us.archive.org/repository/pypi-group/packages/charset-normalizer/3.4.1/charset_normalizer-3.4.1-py3-none-any.whl", hash = "sha256:d98b1668f06378c6dbefec3b92299716b931cd4e6061f3c875a71ced1780ab85" },
]

[[package]]
name = "colorama"
version = "0.4.6"
source = { registry = "http://nexus.us.archive.org/repository/pypi-group/simple" }
sdist = { url = "http://nexus.us.archive.org/repository/pypi-group/packages/colorama/0.4.6/colorama-0.4.6.tar.gz", hash = "sha256:08695f5cb7ed6e0531a20572697297273c47b8cae5a63ffc6d6ed5c201be6e44" }
wheels = [
    { url = "http://nexus.us.archive.org/repository/pypi-group/packages/colorama/0.4.6/colorama-0.4.6-py2.py3-none-any.whl", hash = "sha256:4f1d9991f5acc0ca119f9d443620b77f9d6b33703e51011c16baf57afb285fc6" },
]

[[package]]
name = "django"
version = "5.1.5"
source = { registry = "http://nexus.us.archive.org/repository/pypi-group/simple" }
dependencies = [
    { name = "asgiref" },
    { name = "sqlparse" },
    { name = "tzdata", marker = "sys_platform == 'win32'" },
]
sdist = { url = "http://nexus.us.archive.org/repository/pypi-group/packages/django/5.1.5/Django-5.1.5.tar.gz", hash = "sha256:19bbca786df50b9eca23cee79d495facf55c8f5c54c529d9bf1fe7b5ea086af3" }
wheels = [
    { url = "http://nexus.us.archive.org/repository/pypi-group/packages/django/5.1.5/Django-5.1.5-py3-none-any.whl", hash = "sha256:c46eb936111fffe6ec4bc9930035524a8be98ec2f74d8a0ff351226a3e52f459" },
]

[[package]]
name = "django-ninja"
version = "1.4.0"
source = { registry = "http://nexus.us.archive.org/repository/pypi-group/simple" }
dependencies = [
    { name = "django" },
    { name = "pydantic" },
]
sdist = { url = "http://nexus.us.archive.org/repository/pypi-group/packages/django-ninja/1.4.0/django_ninja-1.4.0.tar.gz", hash = "sha256:590bb1c8fc32f07bac1d5b5d404419205c41b4945b86d4237b0676174c1b6df7" }
wheels = [
    { url = "http://nexus.us.archive.org/repository/pypi-group/packages/django-ninja/1.4.0/django_ninja-1.4.0-py3-none-any.whl", hash = "sha256:b64bb7f269d0c0a890b429802dffbe3689298eb1ed7dc324224f3b325e8f8871" },
]

[[package]]
name = "django-stubs"
version = "5.1.2"
source = { registry = "http://nexus.us.archive.org/repository/pypi-group/simple" }
dependencies = [
    { name = "asgiref" },
    { name = "django" },
    { name = "django-stubs-ext" },
    { name = "types-pyyaml" },
    { name = "typing-extensions" },
]
sdist = { url = "http://nexus.us.archive.org/repository/pypi-group/packages/django-stubs/5.1.2/django_stubs-5.1.2.tar.gz", hash = "sha256:a0fcb3659bab46a6d835cc2d9bff3fc29c36ccea41a10e8b1930427bc0f9f0df" }
wheels = [
    { url = "http://nexus.us.archive.org/repository/pypi-group/packages/django-stubs/5.1.2/django_stubs-5.1.2-py3-none-any.whl", hash = "sha256:04ddc778faded6fb48468a8da9e98b8d12b9ba983faa648d37a73ebde0f024da" },
]

[package.optional-dependencies]
compatible-mypy = [
    { name = "mypy" },
]

[[package]]
name = "django-stubs-ext"
version = "5.1.2"
source = { registry = "http://nexus.us.archive.org/repository/pypi-group/simple" }
dependencies = [
    { name = "django" },
    { name = "typing-extensions" },
]
sdist = { url = "http://nexus.us.archive.org/repository/pypi-group/packages/django-stubs-ext/5.1.2/django_stubs_ext-5.1.2.tar.gz", hash = "sha256:421c0c3025a68e3ab8e16f065fad9ba93335ecefe2dd92a0cff97a665680266c" }
wheels = [
    { url = "http://nexus.us.archive.org/repository/pypi-group/packages/django-stubs-ext/5.1.2/django_stubs_ext-5.1.2-py3-none-any.whl", hash = "sha256:6c559214538d6a26f631ca638ddc3251a0a891d607de8ce01d23d3201ad8ad6c" },
]

[[package]]
name = "djscholar"
version = "0.1.0"
source = { editable = "." }
dependencies = [
    { name = "django" },
    { name = "django-ninja" },
    { name = "gevent" },
    { name = "gunicorn" },
    { name = "ninja-api-key" },
    { name = "psycopg", extra = ["binary"] },
    { name = "python-dateutil" },
    { name = "sentry-sdk" },
    { name = "surt" },
]

[package.dev-dependencies]
dev = [
    { name = "django-stubs", extra = ["compatible-mypy"] },
    { name = "factory-boy" },
    { name = "mypy" },
    { name = "pytest-django" },
    { name = "ruff" },
]

[package.metadata]
requires-dist = [
    { name = "django", specifier = "==5.1.5" },
    { name = "django-ninja", specifier = "==1.4.0" },
    { name = "gevent", specifier = ">=24.11" },
    { name = "gunicorn", specifier = ">=23.0" },
    { name = "ninja-api-key", specifier = "==1.0.2" },
    { name = "psycopg", extras = ["binary"], specifier = "==3.2.4" },
    { name = "python-dateutil", specifier = "==2.9.*" },
    { name = "sentry-sdk", specifier = ">=2.29" },
    { name = "surt", specifier = "==0.3.1" },
]

[package.metadata.requires-dev]
dev = [
    { name = "django-stubs", extras = ["compatible-mypy"], specifier = "==5.1.2" },
    { name = "factory-boy", specifier = "==3.3.3" },
    { name = "mypy", specifier = "==1.14.1" },
    { name = "pytest-django", specifier = "==4.11.0" },
    { name = "ruff", specifier = "==0.11.2" },
]

[[package]]
name = "factory-boy"
version = "3.3.3"
source = { registry = "http://nexus.us.archive.org/repository/pypi-group/simple" }
dependencies = [
    { name = "faker" },
]
sdist = { url = "http://nexus.us.archive.org/repository/pypi-group/packages/factory-boy/3.3.3/factory_boy-3.3.3.tar.gz", hash = "sha256:866862d226128dfac7f2b4160287e899daf54f2612778327dd03d0e2cb1e3d03" }
wheels = [
    { url = "http://nexus.us.archive.org/repository/pypi-group/packages/factory-boy/3.3.3/factory_boy-3.3.3-py2.py3-none-any.whl", hash = "sha256:1c39e3289f7e667c4285433f305f8d506efc2fe9c73aaea4151ebd5cdea394fc" },
]

[[package]]
name = "faker"
version = "37.1.0"
source = { registry = "http://nexus.us.archive.org/repository/pypi-group/simple" }
dependencies = [
    { name = "tzdata" },
]
sdist = { url = "http://nexus.us.archive.org/repository/pypi-group/packages/faker/37.1.0/faker-37.1.0.tar.gz", hash = "sha256:ad9dc66a3b84888b837ca729e85299a96b58fdaef0323ed0baace93c9614af06" }
wheels = [
    { url = "http://nexus.us.archive.org/repository/pypi-group/packages/faker/37.1.0/faker-37.1.0-py3-none-any.whl", hash = "sha256:dc2f730be71cb770e9c715b13374d80dbcee879675121ab51f9683d262ae9a1c" },
]

[[package]]
name = "filelock"
version = "3.18.0"
source = { registry = "http://nexus.us.archive.org/repository/pypi-group/simple" }
sdist = { url = "http://nexus.us.archive.org/repository/pypi-group/packages/filelock/3.18.0/filelock-3.18.0.tar.gz", hash = "sha256:adbc88eabb99d2fec8c9c1b229b171f18afa655400173ddc653d5d01501fb9f2" }
wheels = [
    { url = "http://nexus.us.archive.org/repository/pypi-group/packages/filelock/3.18.0/filelock-3.18.0-py3-none-any.whl", hash = "sha256:c401f4f8377c4464e6db25fff06205fd89bdd83b65eb0488ed1b160f780e21de" },
]

[[package]]
name = "gevent"
version = "25.5.1"
source = { registry = "http://nexus.us.archive.org/repository/pypi-group/simple" }
dependencies = [
    { name = "cffi", marker = "platform_python_implementation == 'CPython' and sys_platform == 'win32'" },
    { name = "greenlet", marker = "platform_python_implementation == 'CPython'" },
    { name = "zope-event" },
    { name = "zope-interface" },
]
sdist = { url = "http://nexus.us.archive.org/repository/pypi-group/packages/gevent/25.5.1/gevent-25.5.1.tar.gz", hash = "sha256:582c948fa9a23188b890d0bc130734a506d039a2e5ad87dae276a456cc683e61" }
wheels = [
    { url = "http://nexus.us.archive.org/repository/pypi-group/packages/gevent/25.5.1/gevent-25.5.1-cp313-cp313-macosx_11_0_universal2.whl", hash = "sha256:a022a9de9275ce0b390b7315595454258c525dc8287a03f1a6cacc5878ab7cbc" },
    { url = "http://nexus.us.archive.org/repository/pypi-group/packages/gevent/25.5.1/gevent-25.5.1-cp313-cp313-manylinux_2_17_aarch64.manylinux2014_aarch64.whl", hash = "sha256:3fae8533f9d0ef3348a1f503edcfb531ef7a0236b57da1e24339aceb0ce52922" },
    { url = "http://nexus.us.archive.org/repository/pypi-group/packages/gevent/25.5.1/gevent-25.5.1-cp313-cp313-manylinux_2_17_ppc64le.manylinux2014_ppc64le.whl", hash = "sha256:c7b32d9c3b5294b39ea9060e20c582e49e1ec81edbfeae6cf05f8ad0829cb13d" },
    { url = "http://nexus.us.archive.org/repository/pypi-group/packages/gevent/25.5.1/gevent-25.5.1-cp313-cp313-manylinux_2_17_s390x.manylinux2014_s390x.whl", hash = "sha256:7b95815fe44f318ebbfd733b6428b4cb18cc5e68f1c40e8501dd69cc1f42a83d" },
    { url = "http://nexus.us.archive.org/repository/pypi-group/packages/gevent/25.5.1/gevent-25.5.1-cp313-cp313-manylinux_2_17_x86_64.manylinux2014_x86_64.whl", hash = "sha256:2d316529b70d325b183b2f3f5cde958911ff7be12eb2b532b5c301f915dbbf1e" },
    { url = "http://nexus.us.archive.org/repository/pypi-group/packages/gevent/25.5.1/gevent-25.5.1-cp313-cp313-musllinux_1_2_aarch64.whl", hash = "sha256:f6ba33c13db91ffdbb489a4f3d177a261ea1843923e1d68a5636c53fe98fa5ce" },
    { url = "http://nexus.us.archive.org/repository/pypi-group/packages/gevent/25.5.1/gevent-25.5.1-cp313-cp313-musllinux_1_2_x86_64.whl", hash = "sha256:37ee34b77c7553777c0b8379915f75934c3f9c8cd32f7cd098ea43c9323c2276" },
    { url = "http://nexus.us.archive.org/repository/pypi-group/packages/gevent/25.5.1/gevent-25.5.1-cp313-cp313-win_amd64.whl", hash = "sha256:9fa6aa0da224ed807d3b76cdb4ee8b54d4d4d5e018aed2478098e685baae7896" },
    { url = "http://nexus.us.archive.org/repository/pypi-group/packages/gevent/25.5.1/gevent-25.5.1-cp314-cp314-macosx_11_0_universal2.whl", hash = "sha256:0bacf89a65489d26c7087669af89938d5bfd9f7afb12a07b57855b9fad6ccbd0" },
]

[[package]]
name = "greenlet"
version = "3.2.3"
source = { registry = "http://nexus.us.archive.org/repository/pypi-group/simple" }
sdist = { url = "http://nexus.us.archive.org/repository/pypi-group/packages/greenlet/3.2.3/greenlet-3.2.3.tar.gz", hash = "sha256:8b0dd8ae4c0d6f5e54ee55ba935eeb3d735a9b58a8a1e5b5cbab64e01a39f365" }
wheels = [
    { url = "http://nexus.us.archive.org/repository/pypi-group/packages/greenlet/3.2.3/greenlet-3.2.3-cp313-cp313-macosx_11_0_universal2.whl", hash = "sha256:500b8689aa9dd1ab26872a34084503aeddefcb438e2e7317b89b11eaea1901ad" },
    { url = "http://nexus.us.archive.org/repository/pypi-group/packages/greenlet/3.2.3/greenlet-3.2.3-cp313-cp313-manylinux2014_aarch64.manylinux_2_17_aarch64.whl", hash = "sha256:a07d3472c2a93117af3b0136f246b2833fdc0b542d4a9799ae5f41c28323faef" },
    { url = "http://nexus.us.archive.org/repository/pypi-group/packages/greenlet/3.2.3/greenlet-3.2.3-cp313-cp313-manylinux2014_ppc64le.manylinux_2_17_ppc64le.whl", hash = "sha256:8704b3768d2f51150626962f4b9a9e4a17d2e37c8a8d9867bbd9fa4eb938d3b3" },
    { url = "http://nexus.us.archive.org/repository/pypi-group/packages/greenlet/3.2.3/greenlet-3.2.3-cp313-cp313-manylinux2014_s390x.manylinux_2_17_s390x.whl", hash = "sha256:5035d77a27b7c62db6cf41cf786cfe2242644a7a337a0e155c80960598baab95" },
    { url = "http://nexus.us.archive.org/repository/pypi-group/packages/greenlet/3.2.3/greenlet-3.2.3-cp313-cp313-manylinux2014_x86_64.manylinux_2_17_x86_64.whl", hash = "sha256:2d8aa5423cd4a396792f6d4580f88bdc6efcb9205891c9d40d20f6e670992efb" },
    { url = "http://nexus.us.archive.org/repository/pypi-group/packages/greenlet/3.2.3/greenlet-3.2.3-cp313-cp313-manylinux_2_24_x86_64.manylinux_2_28_x86_64.whl", hash = "sha256:2c724620a101f8170065d7dded3f962a2aea7a7dae133a009cada42847e04a7b" },
    { url = "http://nexus.us.archive.org/repository/pypi-group/packages/greenlet/3.2.3/greenlet-3.2.3-cp313-cp313-musllinux_1_1_aarch64.whl", hash = "sha256:873abe55f134c48e1f2a6f53f7d1419192a3d1a4e873bace00499a4e45ea6af0" },
    { url = "http://nexus.us.archive.org/repository/pypi-group/packages/greenlet/3.2.3/greenlet-3.2.3-cp313-cp313-musllinux_1_1_x86_64.whl", hash = "sha256:024571bbce5f2c1cfff08bf3fbaa43bbc7444f580ae13b0099e95d0e6e67ed36" },
    { url = "http://nexus.us.archive.org/repository/pypi-group/packages/greenlet/3.2.3/greenlet-3.2.3-cp313-cp313-win_amd64.whl", hash = "sha256:5195fb1e75e592dd04ce79881c8a22becdfa3e6f500e7feb059b1e6fdd54d3e3" },
    { url = "http://nexus.us.archive.org/repository/pypi-group/packages/greenlet/3.2.3/greenlet-3.2.3-cp314-cp314-macosx_11_0_universal2.whl", hash = "sha256:3d04332dddb10b4a211b68111dabaee2e1a073663d117dc10247b5b1642bac86" },
    { url = "http://nexus.us.archive.org/repository/pypi-group/packages/greenlet/3.2.3/greenlet-3.2.3-cp314-cp314-manylinux2014_aarch64.manylinux_2_17_aarch64.whl", hash = "sha256:8186162dffde068a465deab08fc72c767196895c39db26ab1c17c0b77a6d8b97" },
    { url = "http://nexus.us.archive.org/repository/pypi-group/packages/greenlet/3.2.3/greenlet-3.2.3-cp314-cp314-manylinux2014_ppc64le.manylinux_2_17_ppc64le.whl", hash = "sha256:f4bfbaa6096b1b7a200024784217defedf46a07c2eee1a498e94a1b5f8ec5728" },
    { url = "http://nexus.us.archive.org/repository/pypi-group/packages/greenlet/3.2.3/greenlet-3.2.3-cp314-cp314-manylinux2014_s390x.manylinux_2_17_s390x.whl", hash = "sha256:ed6cfa9200484d234d8394c70f5492f144b20d4533f69262d530a1a082f6ee9a" },
    { url = "http://nexus.us.archive.org/repository/pypi-group/packages/greenlet/3.2.3/greenlet-3.2.3-cp314-cp314-manylinux2014_x86_64.manylinux_2_17_x86_64.whl", hash = "sha256:02b0df6f63cd15012bed5401b47829cfd2e97052dc89da3cfaf2c779124eb892" },
    { url = "http://nexus.us.archive.org/repository/pypi-group/packages/greenlet/3.2.3/greenlet-3.2.3-cp314-cp314-manylinux_2_24_x86_64.manylinux_2_28_x86_64.whl", hash = "sha256:86c2d68e87107c1792e2e8d5399acec2487a4e993ab76c792408e59394d52141" },
    { url = "http://nexus.us.archive.org/repository/pypi-group/packages/greenlet/3.2.3/greenlet-3.2.3-cp314-cp314-win_amd64.whl", hash = "sha256:8c47aae8fbbfcf82cc13327ae802ba13c9c36753b67e760023fd116bc124a62a" },
]

[[package]]
name = "gunicorn"
version = "23.0.0"
source = { registry = "http://nexus.us.archive.org/repository/pypi-group/simple" }
dependencies = [
    { name = "packaging" },
]
sdist = { url = "http://nexus.us.archive.org/repository/pypi-group/packages/gunicorn/23.0.0/gunicorn-23.0.0.tar.gz", hash = "sha256:f014447a0101dc57e294f6c18ca6b40227a4c90e9bdb586042628030cba004ec" }
wheels = [
    { url = "http://nexus.us.archive.org/repository/pypi-group/packages/gunicorn/23.0.0/gunicorn-23.0.0-py3-none-any.whl", hash = "sha256:ec400d38950de4dfd418cff8328b2c8faed0edb0d517d3394e457c317908ca4d" },
]

[[package]]
name = "idna"
version = "3.10"
source = { registry = "http://nexus.us.archive.org/repository/pypi-group/simple" }
sdist = { url = "http://nexus.us.archive.org/repository/pypi-group/packages/idna/3.10/idna-3.10.tar.gz", hash = "sha256:12f65c9b470abda6dc35cf8e63cc574b1c52b11df2c86030af0ac09b01b13ea9" }
wheels = [
    { url = "http://nexus.us.archive.org/repository/pypi-group/packages/idna/3.10/idna-3.10-py3-none-any.whl", hash = "sha256:946d195a0d259cbba61165e88e65941f16e9b36ea6ddb97f00452bae8b1287d3" },
]

[[package]]
name = "iniconfig"
version = "2.1.0"
source = { registry = "http://nexus.us.archive.org/repository/pypi-group/simple" }
sdist = { url = "http://nexus.us.archive.org/repository/pypi-group/packages/iniconfig/2.1.0/iniconfig-2.1.0.tar.gz", hash = "sha256:3abbd2e30b36733fee78f9c7f7308f2d0050e88f0087fd25c2645f63c773e1c7" }
wheels = [
    { url = "http://nexus.us.archive.org/repository/pypi-group/packages/iniconfig/2.1.0/iniconfig-2.1.0-py3-none-any.whl", hash = "sha256:9deba5723312380e77435581c6bf4935c94cbfab9b1ed33ef8d238ea168eb760" },
]

[[package]]
name = "mypy"
version = "1.14.1"
source = { registry = "http://nexus.us.archive.org/repository/pypi-group/simple" }
dependencies = [
    { name = "mypy-extensions" },
    { name = "typing-extensions" },
]
sdist = { url = "http://nexus.us.archive.org/repository/pypi-group/packages/mypy/1.14.1/mypy-1.14.1.tar.gz", hash = "sha256:7ec88144fe9b510e8475ec2f5f251992690fcf89ccb4500b214b4226abcd32d6" }
wheels = [
    { url = "http://nexus.us.archive.org/repository/pypi-group/packages/mypy/1.14.1/mypy-1.14.1-cp313-cp313-macosx_10_13_x86_64.whl", hash = "sha256:92c3ed5afb06c3a8e188cb5da4984cab9ec9a77ba956ee419c68a388b4595255" },
    { url = "http://nexus.us.archive.org/repository/pypi-group/packages/mypy/1.14.1/mypy-1.14.1-cp313-cp313-macosx_11_0_arm64.whl", hash = "sha256:dbec574648b3e25f43d23577309b16534431db4ddc09fda50841f1e34e64ed34" },
    { url = "http://nexus.us.archive.org/repository/pypi-group/packages/mypy/1.14.1/mypy-1.14.1-cp313-cp313-manylinux_2_17_aarch64.manylinux2014_aarch64.manylinux_2_28_aarch64.whl", hash = "sha256:8c6d94b16d62eb3e947281aa7347d78236688e21081f11de976376cf010eb31a" },
    { url = "http://nexus.us.archive.org/repository/pypi-group/packages/mypy/1.14.1/mypy-1.14.1-cp313-cp313-manylinux_2_17_x86_64.manylinux2014_x86_64.manylinux_2_28_x86_64.whl", hash = "sha256:d4b19b03fdf54f3c5b2fa474c56b4c13c9dbfb9a2db4370ede7ec11a2c5927d9" },
    { url = "http://nexus.us.archive.org/repository/pypi-group/packages/mypy/1.14.1/mypy-1.14.1-cp313-cp313-musllinux_1_2_x86_64.whl", hash = "sha256:0c911fde686394753fff899c409fd4e16e9b294c24bfd5e1ea4675deae1ac6fd" },
    { url = "http://nexus.us.archive.org/repository/pypi-group/packages/mypy/1.14.1/mypy-1.14.1-cp313-cp313-win_amd64.whl", hash = "sha256:8b21525cb51671219f5307be85f7e646a153e5acc656e5cebf64bfa076c50107" },
    { url = "http://nexus.us.archive.org/repository/pypi-group/packages/mypy/1.14.1/mypy-1.14.1-py3-none-any.whl", hash = "sha256:b66a60cc4073aeb8ae00057f9c1f64d49e90f918fbcef9a977eb121da8b8f1d1" },
]

[[package]]
name = "mypy-extensions"
version = "1.0.0"
source = { registry = "http://nexus.us.archive.org/repository/pypi-group/simple" }
sdist = { url = "http://nexus.us.archive.org/repository/pypi-group/packages/mypy-extensions/1.0.0/mypy_extensions-1.0.0.tar.gz", hash = "sha256:75dbf8955dc00442a438fc4d0666508a9a97b6bd41aa2f0ffe9d2f2725af0782" }
wheels = [
    { url = "http://nexus.us.archive.org/repository/pypi-group/packages/mypy-extensions/1.0.0/mypy_extensions-1.0.0-py3-none-any.whl", hash = "sha256:4392f6c0eb8a5668a69e23d168ffa70f0be9ccfd32b5cc2d26a34ae5b844552d" },
]

[[package]]
name = "ninja-api-key"
version = "1.0.2"
source = { registry = "http://nexus.us.archive.org/repository/pypi-group/simple" }
dependencies = [
    { name = "django" },
    { name = "django-ninja" },
]
sdist = { url = "http://nexus.us.archive.org/repository/pypi-group/packages/ninja-api-key/1.0.2/ninja_api_key-1.0.2.tar.gz", hash = "sha256:cc1a64f6b79cee5e84bf6bbd2d2a8a03e938044db77ca8855ab1d6f75682441d" }
wheels = [
    { url = "http://nexus.us.archive.org/repository/pypi-group/packages/ninja-api-key/1.0.2/ninja_api_key-1.0.2-py3-none-any.whl", hash = "sha256:817076874cdc5f10afb941ecd45bceef4981feb23ad0a1fcdd070bc4f391a27e" },
]

[[package]]
name = "packaging"
version = "24.2"
source = { registry = "http://nexus.us.archive.org/repository/pypi-group/simple" }
sdist = { url = "http://nexus.us.archive.org/repository/pypi-group/packages/packaging/24.2/packaging-24.2.tar.gz", hash = "sha256:c228a6dc5e932d346bc5739379109d49e8853dd8223571c7c5b55260edc0b97f" }
wheels = [
    { url = "http://nexus.us.archive.org/repository/pypi-group/packages/packaging/24.2/packaging-24.2-py3-none-any.whl", hash = "sha256:09abb1bccd265c01f4a3aa3f7a7db064b36514d2cba19a2f694fe6150451a759" },
]

[[package]]
name = "pluggy"
version = "1.5.0"
source = { registry = "http://nexus.us.archive.org/repository/pypi-group/simple" }
sdist = { url = "http://nexus.us.archive.org/repository/pypi-group/packages/pluggy/1.5.0/pluggy-1.5.0.tar.gz", hash = "sha256:2cffa88e94fdc978c4c574f15f9e59b7f4201d439195c3715ca9e2486f1d0cf1" }
wheels = [
    { url = "http://nexus.us.archive.org/repository/pypi-group/packages/pluggy/1.5.0/pluggy-1.5.0-py3-none-any.whl", hash = "sha256:44e1ad92c8ca002de6377e165f3e0f1be63266ab4d554740532335b9d75ea669" },
]

[[package]]
name = "psycopg"
version = "3.2.4"
source = { registry = "http://nexus.us.archive.org/repository/pypi-group/simple" }
dependencies = [
    { name = "tzdata", marker = "sys_platform == 'win32'" },
]
sdist = { url = "http://nexus.us.archive.org/repository/pypi-group/packages/psycopg/3.2.4/psycopg-3.2.4.tar.gz", hash = "sha256:f26f1346d6bf1ef5f5ef1714dd405c67fb365cfd1c6cea07de1792747b167b92" }
wheels = [
    { url = "http://nexus.us.archive.org/repository/pypi-group/packages/psycopg/3.2.4/psycopg-3.2.4-py3-none-any.whl", hash = "sha256:43665368ccd48180744cab26b74332f46b63b7e06e8ce0775547a3533883d381" },
]

[package.optional-dependencies]
binary = [
    { name = "psycopg-binary", marker = "implementation_name != 'pypy'" },
]

[[package]]
name = "psycopg-binary"
version = "3.2.4"
source = { registry = "http://nexus.us.archive.org/repository/pypi-group/simple" }
wheels = [
    { url = "http://nexus.us.archive.org/repository/pypi-group/packages/psycopg-binary/3.2.4/psycopg_binary-3.2.4-cp313-cp313-macosx_10_13_x86_64.whl", hash = "sha256:81ab801c0d35830c876bf0d1edc8e7dd2f73aa2b04fe24eb812159c0b054d149" },
    { url = "http://nexus.us.archive.org/repository/pypi-group/packages/psycopg-binary/3.2.4/psycopg_binary-3.2.4-cp313-cp313-macosx_11_0_arm64.whl", hash = "sha256:c09e02ce1124eb6638b3381df050a8cf88aedfad4522f939945cda49050a990c" },
    { url = "http://nexus.us.archive.org/repository/pypi-group/packages/psycopg-binary/3.2.4/psycopg_binary-3.2.4-cp313-cp313-manylinux_2_17_aarch64.manylinux2014_aarch64.whl", hash = "sha256:a249cdc6a5c2b5088a8677acba66b291e5237524739ab3d27498e1ef189312f5" },
    { url = "http://nexus.us.archive.org/repository/pypi-group/packages/psycopg-binary/3.2.4/psycopg_binary-3.2.4-cp313-cp313-manylinux_2_17_i686.manylinux2014_i686.whl", hash = "sha256:d2960ba8a5c0ad75e184f6d8bf76bdf023708999efe75fe4e13445136c1cd206" },
    { url = "http://nexus.us.archive.org/repository/pypi-group/packages/psycopg-binary/3.2.4/psycopg_binary-3.2.4-cp313-cp313-manylinux_2_17_ppc64le.manylinux2014_ppc64le.whl", hash = "sha256:3dae2e50b0d3425c167eebbedc3553f7c811dbc0dbfc737b6877f68a03be7daf" },
    { url = "http://nexus.us.archive.org/repository/pypi-group/packages/psycopg-binary/3.2.4/psycopg_binary-3.2.4-cp313-cp313-manylinux_2_17_x86_64.manylinux2014_x86_64.whl", hash = "sha256:03bf7ee7e0002c2cce43ecb923ec510358056eb2e44a96afaeb0424518f35206" },
    { url = "http://nexus.us.archive.org/repository/pypi-group/packages/psycopg-binary/3.2.4/psycopg_binary-3.2.4-cp313-cp313-musllinux_1_2_aarch64.whl", hash = "sha256:5f5c85eeb63b1a8a6b026eef57f5da36ff215ce9a6a3bb8e20a409670d6cfbda" },
    { url = "http://nexus.us.archive.org/repository/pypi-group/packages/psycopg-binary/3.2.4/psycopg_binary-3.2.4-cp313-cp313-musllinux_1_2_i686.whl", hash = "sha256:8c7b95899d4d6d23c5cc46cb3419e8e6ca68d867509432ee1487042564a1ea55" },
    { url = "http://nexus.us.archive.org/repository/pypi-group/packages/psycopg-binary/3.2.4/psycopg_binary-3.2.4-cp313-cp313-musllinux_1_2_ppc64le.whl", hash = "sha256:fa4acea9ca20a567c3872a5afab2084751530bb57b8fb6b52820d5c54e7c8c3b" },
    { url = "http://nexus.us.archive.org/repository/pypi-group/packages/psycopg-binary/3.2.4/psycopg_binary-3.2.4-cp313-cp313-musllinux_1_2_x86_64.whl", hash = "sha256:5c487f35a1905bb15da927c1fc05f70f3d29f0e21fb4ba21d360a0da9c755f20" },
    { url = "http://nexus.us.archive.org/repository/pypi-group/packages/psycopg-binary/3.2.4/psycopg_binary-3.2.4-cp313-cp313-win_amd64.whl", hash = "sha256:80297c3a9f7b5a6afdb0d8f220661ccd796e5c9128c44b32c41267f7daefd37f" },
]

[[package]]
name = "pycparser"
version = "2.22"
source = { registry = "http://nexus.us.archive.org/repository/pypi-group/simple" }
sdist = { url = "http://nexus.us.archive.org/repository/pypi-group/packages/pycparser/2.22/pycparser-2.22.tar.gz", hash = "sha256:491c8be9c040f5390f5bf44a5b07752bd07f56edf992381b05c701439eec10f6" }
wheels = [
    { url = "http://nexus.us.archive.org/repository/pypi-group/packages/pycparser/2.22/pycparser-2.22-py3-none-any.whl", hash = "sha256:c3702b6d3dd8c7abc1afa565d7e63d53a1d0bd86cdc24edd75470f4de499cfcc" },
]

[[package]]
name = "pydantic"
version = "2.10.6"
source = { registry = "http://nexus.us.archive.org/repository/pypi-group/simple" }
dependencies = [
    { name = "annotated-types" },
    { name = "pydantic-core" },
    { name = "typing-extensions" },
]
sdist = { url = "http://nexus.us.archive.org/repository/pypi-group/packages/pydantic/2.10.6/pydantic-2.10.6.tar.gz", hash = "sha256:ca5daa827cce33de7a42be142548b0096bf05a7e7b365aebfa5f8eeec7128236" }
wheels = [
    { url = "http://nexus.us.archive.org/repository/pypi-group/packages/pydantic/2.10.6/pydantic-2.10.6-py3-none-any.whl", hash = "sha256:427d664bf0b8a2b34ff5dd0f5a18df00591adcee7198fbd71981054cef37b584" },
]

[[package]]
name = "pydantic-core"
version = "2.27.2"
source = { registry = "http://nexus.us.archive.org/repository/pypi-group/simple" }
dependencies = [
    { name = "typing-extensions" },
]
sdist = { url = "http://nexus.us.archive.org/repository/pypi-group/packages/pydantic-core/2.27.2/pydantic_core-2.27.2.tar.gz", hash = "sha256:eb026e5a4c1fee05726072337ff51d1efb6f59090b7da90d30ea58625b1ffb39" }
wheels = [
    { url = "http://nexus.us.archive.org/repository/pypi-group/packages/pydantic-core/2.27.2/pydantic_core-2.27.2-cp313-cp313-macosx_10_12_x86_64.whl", hash = "sha256:7d14bd329640e63852364c306f4d23eb744e0f8193148d4044dd3dacdaacbd8b" },
    { url = "http://nexus.us.archive.org/repository/pypi-group/packages/pydantic-core/2.27.2/pydantic_core-2.27.2-cp313-cp313-macosx_11_0_arm64.whl", hash = "sha256:82f91663004eb8ed30ff478d77c4d1179b3563df6cdb15c0817cd1cdaf34d154" },
    { url = "http://nexus.us.archive.org/repository/pypi-group/packages/pydantic-core/2.27.2/pydantic_core-2.27.2-cp313-cp313-manylinux_2_17_aarch64.manylinux2014_aarch64.whl", hash = "sha256:71b24c7d61131bb83df10cc7e687433609963a944ccf45190cfc21e0887b08c9" },
    { url = "http://nexus.us.archive.org/repository/pypi-group/packages/pydantic-core/2.27.2/pydantic_core-2.27.2-cp313-cp313-manylinux_2_17_armv7l.manylinux2014_armv7l.whl", hash = "sha256:fa8e459d4954f608fa26116118bb67f56b93b209c39b008277ace29937453dc9" },
    { url = "http://nexus.us.archive.org/repository/pypi-group/packages/pydantic-core/2.27.2/pydantic_core-2.27.2-cp313-cp313-manylinux_2_17_ppc64le.manylinux2014_ppc64le.whl", hash = "sha256:ce8918cbebc8da707ba805b7fd0b382816858728ae7fe19a942080c24e5b7cd1" },
    { url = "http://nexus.us.archive.org/repository/pypi-group/packages/pydantic-core/2.27.2/pydantic_core-2.27.2-cp313-cp313-manylinux_2_17_s390x.manylinux2014_s390x.whl", hash = "sha256:eda3f5c2a021bbc5d976107bb302e0131351c2ba54343f8a496dc8783d3d3a6a" },
    { url = "http://nexus.us.archive.org/repository/pypi-group/packages/pydantic-core/2.27.2/pydantic_core-2.27.2-cp313-cp313-manylinux_2_17_x86_64.manylinux2014_x86_64.whl", hash = "sha256:bd8086fa684c4775c27f03f062cbb9eaa6e17f064307e86b21b9e0abc9c0f02e" },
    { url = "http://nexus.us.archive.org/repository/pypi-group/packages/pydantic-core/2.27.2/pydantic_core-2.27.2-cp313-cp313-manylinux_2_5_i686.manylinux1_i686.whl", hash = "sha256:8d9b3388db186ba0c099a6d20f0604a44eabdeef1777ddd94786cdae158729e4" },
    { url = "http://nexus.us.archive.org/repository/pypi-group/packages/pydantic-core/2.27.2/pydantic_core-2.27.2-cp313-cp313-musllinux_1_1_aarch64.whl", hash = "sha256:7a66efda2387de898c8f38c0cf7f14fca0b51a8ef0b24bfea5849f1b3c95af27" },
    { url = "http://nexus.us.archive.org/repository/pypi-group/packages/pydantic-core/2.27.2/pydantic_core-2.27.2-cp313-cp313-musllinux_1_1_armv7l.whl", hash = "sha256:18a101c168e4e092ab40dbc2503bdc0f62010e95d292b27827871dc85450d7ee" },
    { url = "http://nexus.us.archive.org/repository/pypi-group/packages/pydantic-core/2.27.2/pydantic_core-2.27.2-cp313-cp313-musllinux_1_1_x86_64.whl", hash = "sha256:ba5dd002f88b78a4215ed2f8ddbdf85e8513382820ba15ad5ad8955ce0ca19a1" },
    { url = "http://nexus.us.archive.org/repository/pypi-group/packages/pydantic-core/2.27.2/pydantic_core-2.27.2-cp313-cp313-win32.whl", hash = "sha256:1ebaf1d0481914d004a573394f4be3a7616334be70261007e47c2a6fe7e50130" },
    { url = "http://nexus.us.archive.org/repository/pypi-group/packages/pydantic-core/2.27.2/pydantic_core-2.27.2-cp313-cp313-win_amd64.whl", hash = "sha256:953101387ecf2f5652883208769a79e48db18c6df442568a0b5ccd8c2723abee" },
    { url = "http://nexus.us.archive.org/repository/pypi-group/packages/pydantic-core/2.27.2/pydantic_core-2.27.2-cp313-cp313-win_arm64.whl", hash = "sha256:ac4dbfd1691affb8f48c2c13241a2e3b60ff23247cbcf981759c768b6633cf8b" },
]

[[package]]
name = "pytest"
version = "8.3.5"
source = { registry = "http://nexus.us.archive.org/repository/pypi-group/simple" }
dependencies = [
    { name = "colorama", marker = "sys_platform == 'win32'" },
    { name = "iniconfig" },
    { name = "packaging" },
    { name = "pluggy" },
]
sdist = { url = "http://nexus.us.archive.org/repository/pypi-group/packages/pytest/8.3.5/pytest-8.3.5.tar.gz", hash = "sha256:f4efe70cc14e511565ac476b57c279e12a855b11f48f212af1080ef2263d3845" }
wheels = [
    { url = "http://nexus.us.archive.org/repository/pypi-group/packages/pytest/8.3.5/pytest-8.3.5-py3-none-any.whl", hash = "sha256:c69214aa47deac29fad6c2a4f590b9c4a9fdb16a403176fe154b79c0b4d4d820" },
]

[[package]]
name = "pytest-django"
version = "4.11.0"
source = { registry = "http://nexus.us.archive.org/repository/pypi-group/simple" }
dependencies = [
    { name = "pytest" },
]
sdist = { url = "http://nexus.us.archive.org/repository/pypi-group/packages/pytest-django/4.11.0/pytest_django-4.11.0.tar.gz", hash = "sha256:35b339b9a231a99de226789c3e45d4d19d6c09ca9f3c236b3b5024afbf1f68b5" }
wheels = [
    { url = "http://nexus.us.archive.org/repository/pypi-group/packages/pytest-django/4.11.0/pytest_django-4.11.0-py3-none-any.whl", hash = "sha256:ab969cc86585a1763fd4a2fa1bc0f3015abbbcb823667af48320f1a1d2053291" },
]

[[package]]
name = "python-dateutil"
version = "2.9.0.post0"
source = { registry = "http://nexus.us.archive.org/repository/pypi-group/simple" }
dependencies = [
    { name = "six" },
]
sdist = { url = "http://nexus.us.archive.org/repository/pypi-group/packages/python-dateutil/2.9.0.post0/python-dateutil-2.9.0.post0.tar.gz", hash = "sha256:37dd54208da7e1cd875388217d5e00ebd4179249f90fb72437e91a35459a0ad3" }
wheels = [
    { url = "http://nexus.us.archive.org/repository/pypi-group/packages/python-dateutil/2.9.0.post0/python_dateutil-2.9.0.post0-py2.py3-none-any.whl", hash = "sha256:a8b2bc7bffae282281c8140a97d3aa9c14da0b136dfe83f850eea9a5f7470427" },
]

[[package]]
name = "requests"
version = "2.32.3"
source = { registry = "http://nexus.us.archive.org/repository/pypi-group/simple" }
dependencies = [
    { name = "certifi" },
    { name = "charset-normalizer" },
    { name = "idna" },
    { name = "urllib3" },
]
sdist = { url = "http://nexus.us.archive.org/repository/pypi-group/packages/requests/2.32.3/requests-2.32.3.tar.gz", hash = "sha256:55365417734eb18255590a9ff9eb97e9e1da868d4ccd6402399eaf68af20a760" }
wheels = [
    { url = "http://nexus.us.archive.org/repository/pypi-group/packages/requests/2.32.3/requests-2.32.3-py3-none-any.whl", hash = "sha256:70761cfe03c773ceb22aa2f671b4757976145175cdfca038c02654d061d6dcc6" },
]

[[package]]
name = "requests-file"
version = "2.1.0"
source = { registry = "http://nexus.us.archive.org/repository/pypi-group/simple" }
dependencies = [
    { name = "requests" },
]
sdist = { url = "http://nexus.us.archive.org/repository/pypi-group/packages/requests-file/2.1.0/requests_file-2.1.0.tar.gz", hash = "sha256:0f549a3f3b0699415ac04d167e9cb39bccfb730cb832b4d20be3d9867356e658" }
wheels = [
    { url = "http://nexus.us.archive.org/repository/pypi-group/packages/requests-file/2.1.0/requests_file-2.1.0-py2.py3-none-any.whl", hash = "sha256:cf270de5a4c5874e84599fc5778303d496c10ae5e870bfa378818f35d21bda5c" },
]

[[package]]
name = "ruff"
version = "0.11.2"
source = { registry = "http://nexus.us.archive.org/repository/pypi-group/simple" }
sdist = { url = "http://nexus.us.archive.org/repository/pypi-group/packages/ruff/0.11.2/ruff-0.11.2.tar.gz", hash = "sha256:ec47591497d5a1050175bdf4e1a4e6272cddff7da88a2ad595e1e326041d8d94" }
wheels = [
    { url = "http://nexus.us.archive.org/repository/pypi-group/packages/ruff/0.11.2/ruff-0.11.2-py3-none-linux_armv6l.whl", hash = "sha256:c69e20ea49e973f3afec2c06376eb56045709f0212615c1adb0eda35e8a4e477" },
    { url = "http://nexus.us.archive.org/repository/pypi-group/packages/ruff/0.11.2/ruff-0.11.2-py3-none-macosx_10_12_x86_64.whl", hash = "sha256:2c5424cc1c4eb1d8ecabe6d4f1b70470b4f24a0c0171356290b1953ad8f0e272" },
    { url = "http://nexus.us.archive.org/repository/pypi-group/packages/ruff/0.11.2/ruff-0.11.2-py3-none-macosx_11_0_arm64.whl", hash = "sha256:ecf20854cc73f42171eedb66f006a43d0a21bfb98a2523a809931cda569552d9" },
    { url = "http://nexus.us.archive.org/repository/pypi-group/packages/ruff/0.11.2/ruff-0.11.2-py3-none-manylinux_2_17_aarch64.manylinux2014_aarch64.whl", hash = "sha256:0c543bf65d5d27240321604cee0633a70c6c25c9a2f2492efa9f6d4b8e4199bb" },
    { url = "http://nexus.us.archive.org/repository/pypi-group/packages/ruff/0.11.2/ruff-0.11.2-py3-none-manylinux_2_17_armv7l.manylinux2014_armv7l.whl", hash = "sha256:20967168cc21195db5830b9224be0e964cc9c8ecf3b5a9e3ce19876e8d3a96e3" },
    { url = "http://nexus.us.archive.org/repository/pypi-group/packages/ruff/0.11.2/ruff-0.11.2-py3-none-manylinux_2_17_i686.manylinux2014_i686.whl", hash = "sha256:955a9ce63483999d9f0b8f0b4a3ad669e53484232853054cc8b9d51ab4c5de74" },
    { url = "http://nexus.us.archive.org/repository/pypi-group/packages/ruff/0.11.2/ruff-0.11.2-py3-none-manylinux_2_17_ppc64.manylinux2014_ppc64.whl", hash = "sha256:86b3a27c38b8fce73bcd262b0de32e9a6801b76d52cdb3ae4c914515f0cef608" },
    { url = "http://nexus.us.archive.org/repository/pypi-group/packages/ruff/0.11.2/ruff-0.11.2-py3-none-manylinux_2_17_ppc64le.manylinux2014_ppc64le.whl", hash = "sha256:a3b66a03b248c9fcd9d64d445bafdf1589326bee6fc5c8e92d7562e58883e30f" },
    { url = "http://nexus.us.archive.org/repository/pypi-group/packages/ruff/0.11.2/ruff-0.11.2-py3-none-manylinux_2_17_s390x.manylinux2014_s390x.whl", hash = "sha256:0397c2672db015be5aa3d4dac54c69aa012429097ff219392c018e21f5085147" },
    { url = "http://nexus.us.archive.org/repository/pypi-group/packages/ruff/0.11.2/ruff-0.11.2-py3-none-manylinux_2_17_x86_64.manylinux2014_x86_64.whl", hash = "sha256:869bcf3f9abf6457fbe39b5a37333aa4eecc52a3b99c98827ccc371a8e5b6f1b" },
    { url = "http://nexus.us.archive.org/repository/pypi-group/packages/ruff/0.11.2/ruff-0.11.2-py3-none-musllinux_1_2_aarch64.whl", hash = "sha256:2a2b50ca35457ba785cd8c93ebbe529467594087b527a08d487cf0ee7b3087e9" },
    { url = "http://nexus.us.archive.org/repository/pypi-group/packages/ruff/0.11.2/ruff-0.11.2-py3-none-musllinux_1_2_armv7l.whl", hash = "sha256:7c69c74bf53ddcfbc22e6eb2f31211df7f65054bfc1f72288fc71e5f82db3eab" },
    { url = "http://nexus.us.archive.org/repository/pypi-group/packages/ruff/0.11.2/ruff-0.11.2-py3-none-musllinux_1_2_i686.whl", hash = "sha256:6e8fb75e14560f7cf53b15bbc55baf5ecbe373dd5f3aab96ff7aa7777edd7630" },
    { url = "http://nexus.us.archive.org/repository/pypi-group/packages/ruff/0.11.2/ruff-0.11.2-py3-none-musllinux_1_2_x86_64.whl", hash = "sha256:842a472d7b4d6f5924e9297aa38149e5dcb1e628773b70e6387ae2c97a63c58f" },
    { url = "http://nexus.us.archive.org/repository/pypi-group/packages/ruff/0.11.2/ruff-0.11.2-py3-none-win32.whl", hash = "sha256:aca01ccd0eb5eb7156b324cfaa088586f06a86d9e5314b0eb330cb48415097cc" },
    { url = "http://nexus.us.archive.org/repository/pypi-group/packages/ruff/0.11.2/ruff-0.11.2-py3-none-win_amd64.whl", hash = "sha256:3170150172a8f994136c0c66f494edf199a0bbea7a409f649e4bc8f4d7084080" },
    { url = "http://nexus.us.archive.org/repository/pypi-group/packages/ruff/0.11.2/ruff-0.11.2-py3-none-win_arm64.whl", hash = "sha256:52933095158ff328f4c77af3d74f0379e34fd52f175144cefc1b192e7ccd32b4" },
]

[[package]]
name = "sentry-sdk"
version = "2.30.0"
source = { registry = "http://nexus.us.archive.org/repository/pypi-group/simple" }
dependencies = [
    { name = "certifi" },
    { name = "urllib3" },
]
sdist = { url = "http://nexus.us.archive.org/repository/pypi-group/packages/sentry-sdk/2.30.0/sentry_sdk-2.30.0.tar.gz", hash = "sha256:436369b02afef7430efb10300a344fb61a11fe6db41c2b11f41ee037d2dd7f45" }
wheels = [
    { url = "http://nexus.us.archive.org/repository/pypi-group/packages/sentry-sdk/2.30.0/sentry_sdk-2.30.0-py2.py3-none-any.whl", hash = "sha256:59391db1550662f746ea09b483806a631c3ae38d6340804a1a4c0605044f6877" },
]

[[package]]
name = "setuptools"
version = "80.9.0"
source = { registry = "http://nexus.us.archive.org/repository/pypi-group/simple" }
sdist = { url = "http://nexus.us.archive.org/repository/pypi-group/packages/setuptools/80.9.0/setuptools-80.9.0.tar.gz", hash = "sha256:f36b47402ecde768dbfafc46e8e4207b4360c654f1f3bb84475f0a28628fb19c" }
wheels = [
    { url = "http://nexus.us.archive.org/repository/pypi-group/packages/setuptools/80.9.0/setuptools-80.9.0-py3-none-any.whl", hash = "sha256:062d34222ad13e0cc312a4c02d73f059e86a4acbfbdea8f8f76b28c99f306922" },
]

[[package]]
name = "six"
version = "1.17.0"
source = { registry = "http://nexus.us.archive.org/repository/pypi-group/simple" }
sdist = { url = "http://nexus.us.archive.org/repository/pypi-group/packages/six/1.17.0/six-1.17.0.tar.gz", hash = "sha256:ff70335d468e7eb6ec65b95b99d3a2836546063f63acc5171de367e834932a81" }
wheels = [
    { url = "http://nexus.us.archive.org/repository/pypi-group/packages/six/1.17.0/six-1.17.0-py2.py3-none-any.whl", hash = "sha256:4721f391ed90541fddacab5acf947aa0d3dc7d27b2e1e8eda2be8970586c3274" },
]

[[package]]
name = "sqlparse"
version = "0.5.3"
source = { registry = "http://nexus.us.archive.org/repository/pypi-group/simple" }
sdist = { url = "http://nexus.us.archive.org/repository/pypi-group/packages/sqlparse/0.5.3/sqlparse-0.5.3.tar.gz", hash = "sha256:09f67787f56a0b16ecdbde1bfc7f5d9c3371ca683cfeaa8e6ff60b4807ec9272" }
wheels = [
    { url = "http://nexus.us.archive.org/repository/pypi-group/packages/sqlparse/0.5.3/sqlparse-0.5.3-py3-none-any.whl", hash = "sha256:cf2196ed3418f3ba5de6af7e82c694a9fbdbfecccdfc72e281548517081f16ca" },
]

[[package]]
name = "surt"
version = "0.3.1"
source = { registry = "http://nexus.us.archive.org/repository/pypi-group/simple" }
dependencies = [
    { name = "six" },
    { name = "tldextract" },
]
sdist = { url = "http://nexus.us.archive.org/repository/pypi-group/packages/surt/0.3.1/surt-0.3.1.tar.gz", hash = "sha256:24167eb6c01f24f757eef9bca6bf0ec089ec05ad5b6213c3b727a5e58c0c4720" }

[[package]]
name = "tldextract"
version = "5.2.0"
source = { registry = "http://nexus.us.archive.org/repository/pypi-group/simple" }
dependencies = [
    { name = "filelock" },
    { name = "idna" },
    { name = "requests" },
    { name = "requests-file" },
]
sdist = { url = "http://nexus.us.archive.org/repository/pypi-group/packages/tldextract/5.2.0/tldextract-5.2.0.tar.gz", hash = "sha256:c3a8c4daf2c25a57f54d6ef6762aeac7eff5ac3da04cdb607130be757b8457ab" }
wheels = [
    { url = "http://nexus.us.archive.org/repository/pypi-group/packages/tldextract/5.2.0/tldextract-5.2.0-py3-none-any.whl", hash = "sha256:59509cbf99628c9440f4d19d3a1fd8488d50297ea23879c136576263c5a04eba" },
]

[[package]]
name = "types-pyyaml"
version = "6.0.12.20241230"
source = { registry = "http://nexus.us.archive.org/repository/pypi-group/simple" }
sdist = { url = "http://nexus.us.archive.org/repository/pypi-group/packages/types-pyyaml/6.0.12.20241230/types_pyyaml-6.0.12.20241230.tar.gz", hash = "sha256:7f07622dbd34bb9c8b264fe860a17e0efcad00d50b5f27e93984909d9363498c" }
wheels = [
    { url = "http://nexus.us.archive.org/repository/pypi-group/packages/types-pyyaml/6.0.12.20241230/types_PyYAML-6.0.12.20241230-py3-none-any.whl", hash = "sha256:fa4d32565219b68e6dee5f67534c722e53c00d1cfc09c435ef04d7353e1e96e6" },
]

[[package]]
name = "typing-extensions"
version = "4.12.2"
source = { registry = "http://nexus.us.archive.org/repository/pypi-group/simple" }
sdist = { url = "http://nexus.us.archive.org/repository/pypi-group/packages/typing-extensions/4.12.2/typing_extensions-4.12.2.tar.gz", hash = "sha256:1a7ead55c7e559dd4dee8856e3a88b41225abfe1ce8df57b7c13915fe121ffb8" }
wheels = [
    { url = "http://nexus.us.archive.org/repository/pypi-group/packages/typing-extensions/4.12.2/typing_extensions-4.12.2-py3-none-any.whl", hash = "sha256:04e5ca0351e0f3f85c6853954072df659d0d13fac324d0072316b67d7794700d" },
]

[[package]]
name = "tzdata"
version = "2025.1"
source = { registry = "http://nexus.us.archive.org/repository/pypi-group/simple" }
sdist = { url = "http://nexus.us.archive.org/repository/pypi-group/packages/tzdata/2025.1/tzdata-2025.1.tar.gz", hash = "sha256:24894909e88cdb28bd1636c6887801df64cb485bd593f2fd83ef29075a81d694" }
wheels = [
    { url = "http://nexus.us.archive.org/repository/pypi-group/packages/tzdata/2025.1/tzdata-2025.1-py2.py3-none-any.whl", hash = "sha256:7e127113816800496f027041c570f50bcd464a020098a3b6b199517772303639" },
]

[[package]]
name = "urllib3"
version = "2.4.0"
source = { registry = "http://nexus.us.archive.org/repository/pypi-group/simple" }
sdist = { url = "http://nexus.us.archive.org/repository/pypi-group/packages/urllib3/2.4.0/urllib3-2.4.0.tar.gz", hash = "sha256:414bc6535b787febd7567804cc015fee39daab8ad86268f1310a9250697de466" }
wheels = [
    { url = "http://nexus.us.archive.org/repository/pypi-group/packages/urllib3/2.4.0/urllib3-2.4.0-py3-none-any.whl", hash = "sha256:4e16665048960a0900c702d4a66415956a584919c03361cac9f1df5c5dd7e813" },
]

[[package]]
name = "zope-event"
version = "5.0"
source = { registry = "http://nexus.us.archive.org/repository/pypi-group/simple" }
dependencies = [
    { name = "setuptools" },
]
sdist = { url = "http://nexus.us.archive.org/repository/pypi-group/packages/zope-event/5.0/zope.event-5.0.tar.gz", hash = "sha256:bac440d8d9891b4068e2b5a2c5e2c9765a9df762944bda6955f96bb9b91e67cd" }
wheels = [
    { url = "http://nexus.us.archive.org/repository/pypi-group/packages/zope-event/5.0/zope.event-5.0-py3-none-any.whl", hash = "sha256:2832e95014f4db26c47a13fdaef84cef2f4df37e66b59d8f1f4a8f319a632c26" },
]

[[package]]
name = "zope-interface"
version = "7.2"
source = { registry = "http://nexus.us.archive.org/repository/pypi-group/simple" }
dependencies = [
    { name = "setuptools" },
]
sdist = { url = "http://nexus.us.archive.org/repository/pypi-group/packages/zope-interface/7.2/zope.interface-7.2.tar.gz", hash = "sha256:8b49f1a3d1ee4cdaf5b32d2e738362c7f5e40ac8b46dd7d1a65e82a4872728fe" }
wheels = [
    { url = "http://nexus.us.archive.org/repository/pypi-group/packages/zope-interface/7.2/zope.interface-7.2-cp313-cp313-macosx_10_9_x86_64.whl", hash = "sha256:3e0350b51e88658d5ad126c6a57502b19d5f559f6cb0a628e3dc90442b53dd98" },
    { url = "http://nexus.us.archive.org/repository/pypi-group/packages/zope-interface/7.2/zope.interface-7.2-cp313-cp313-macosx_11_0_arm64.whl", hash = "sha256:15398c000c094b8855d7d74f4fdc9e73aa02d4d0d5c775acdef98cdb1119768d" },
    { url = "http://nexus.us.archive.org/repository/pypi-group/packages/zope-interface/7.2/zope.interface-7.2-cp313-cp313-manylinux_2_17_aarch64.manylinux2014_aarch64.whl", hash = "sha256:802176a9f99bd8cc276dcd3b8512808716492f6f557c11196d42e26c01a69a4c" },
    { url = "http://nexus.us.archive.org/repository/pypi-group/packages/zope-interface/7.2/zope.interface-7.2-cp313-cp313-manylinux_2_5_i686.manylinux1_i686.manylinux_2_17_i686.manylinux2014_i686.whl", hash = "sha256:eb23f58a446a7f09db85eda09521a498e109f137b85fb278edb2e34841055398" },
    { url = "http://nexus.us.archive.org/repository/pypi-group/packages/zope-interface/7.2/zope.interface-7.2-cp313-cp313-manylinux_2_5_x86_64.manylinux1_x86_64.manylinux_2_17_x86_64.manylinux2014_x86_64.whl", hash = "sha256:a71a5b541078d0ebe373a81a3b7e71432c61d12e660f1d67896ca62d9628045b" },
    { url = "http://nexus.us.archive.org/repository/pypi-group/packages/zope-interface/7.2/zope.interface-7.2-cp313-cp313-win_amd64.whl", hash = "sha256:4893395d5dd2ba655c38ceb13014fd65667740f09fa5bb01caa1e6284e48c0cd" },
]
