version = 1
requires-python = ">=3.13"

[[package]]
name = "diskcache"
version = "5.6.3"
source = { registry = "http://nexus.us.archive.org/repository/pypi-group/simple" }
sdist = { url = "http://nexus.us.archive.org/repository/pypi-group/packages/diskcache/5.6.3/diskcache-5.6.3.tar.gz", hash = "sha256:2c3a3fa2743d8535d832ec61c2054a1641f41775aa7c556758a109941e33e4fc" }
wheels = [
    { url = "http://nexus.us.archive.org/repository/pypi-group/packages/diskcache/5.6.3/diskcache-5.6.3-py3-none-any.whl", hash = "sha256:5e31b2d5fbad117cc363ebaf6b689474db18a1f6438bc82358b024abd4c2ca19" },
]

[[package]]
name = "fcmigrate"
version = "0.1.0"
source = { virtual = "." }
dependencies = [
    { name = "diskcache" },
    { name = "psycopg", extra = ["binary"] },
]

[package.metadata]
requires-dist = [
    { name = "diskcache", specifier = ">=5.6.3" },
    { name = "psycopg", extras = ["binary"], specifier = ">=3.2.5" },
]

[[package]]
name = "psycopg"
version = "3.2.5"
source = { registry = "http://nexus.us.archive.org/repository/pypi-group/simple" }
dependencies = [
    { name = "tzdata", marker = "sys_platform == 'win32'" },
]
sdist = { url = "http://nexus.us.archive.org/repository/pypi-group/packages/psycopg/3.2.5/psycopg-3.2.5.tar.gz", hash = "sha256:f5f750611c67cb200e85b408882f29265c66d1de7f813add4f8125978bfd70e8" }
wheels = [
    { url = "http://nexus.us.archive.org/repository/pypi-group/packages/psycopg/3.2.5/psycopg-3.2.5-py3-none-any.whl", hash = "sha256:b782130983e5b3de30b4c529623d3687033b4dafa05bb661fc6bf45837ca5879" },
]

[package.optional-dependencies]
binary = [
    { name = "psycopg-binary", marker = "implementation_name != 'pypy'" },
]

[[package]]
name = "psycopg-binary"
version = "3.2.5"
source = { registry = "http://nexus.us.archive.org/repository/pypi-group/simple" }
wheels = [
    { url = "http://nexus.us.archive.org/repository/pypi-group/packages/psycopg-binary/3.2.5/psycopg_binary-3.2.5-cp313-cp313-macosx_10_13_x86_64.whl", hash = "sha256:2dbaf32c18c0d11c4480016b89c9c5cadb7b64c55de7f181d222b189bd13a558" },
    { url = "http://nexus.us.archive.org/repository/pypi-group/packages/psycopg-binary/3.2.5/psycopg_binary-3.2.5-cp313-cp313-macosx_11_0_arm64.whl", hash = "sha256:ca5e36a3e7480a5c09aed99ecdb8e6554b21485c3b064297fe77f7b1b5806106" },
    { url = "http://nexus.us.archive.org/repository/pypi-group/packages/psycopg-binary/3.2.5/psycopg_binary-3.2.5-cp313-cp313-manylinux_2_17_aarch64.manylinux2014_aarch64.whl", hash = "sha256:9abe093a303e25ac58774a11241150e2fe2947358d1ca12521ad03c90b131060" },
    { url = "http://nexus.us.archive.org/repository/pypi-group/packages/psycopg-binary/3.2.5/psycopg_binary-3.2.5-cp313-cp313-manylinux_2_17_i686.manylinux2014_i686.whl", hash = "sha256:a91b0e096fdfeb52d86bb8f5ee25dc22483d6960af9b968e6b381a8ec5bfbf82" },
    { url = "http://nexus.us.archive.org/repository/pypi-group/packages/psycopg-binary/3.2.5/psycopg_binary-3.2.5-cp313-cp313-manylinux_2_17_ppc64le.manylinux2014_ppc64le.whl", hash = "sha256:3eb71cfc35116e4a8e336b7e785f1fe06ca23b4516a48ea91facd577d1a1fdf6" },
    { url = "http://nexus.us.archive.org/repository/pypi-group/packages/psycopg-binary/3.2.5/psycopg_binary-3.2.5-cp313-cp313-manylinux_2_17_x86_64.manylinux2014_x86_64.whl", hash = "sha256:98efaedf2bf79f4d563ca039a57a025b72847bd80568f54709cc39fc1404772c" },
    { url = "http://nexus.us.archive.org/repository/pypi-group/packages/psycopg-binary/3.2.5/psycopg_binary-3.2.5-cp313-cp313-musllinux_1_2_aarch64.whl", hash = "sha256:ba4a610882171bdaae0779f14e0ff45f3ee271fd2dbf16cdadfc81bd67323232" },
    { url = "http://nexus.us.archive.org/repository/pypi-group/packages/psycopg-binary/3.2.5/psycopg_binary-3.2.5-cp313-cp313-musllinux_1_2_i686.whl", hash = "sha256:1494827c43265820d5dcdc6f8086521bc7dd04b9da8831310978a788cdcd2e62" },
    { url = "http://nexus.us.archive.org/repository/pypi-group/packages/psycopg-binary/3.2.5/psycopg_binary-3.2.5-cp313-cp313-musllinux_1_2_ppc64le.whl", hash = "sha256:7a94020821723a6a210206ddb458001f3ed27e1e6a0555b9422bebf7ead8ff37" },
    { url = "http://nexus.us.archive.org/repository/pypi-group/packages/psycopg-binary/3.2.5/psycopg_binary-3.2.5-cp313-cp313-musllinux_1_2_x86_64.whl", hash = "sha256:659f2c675d478b1bc01b95a8d3ded74fa939b370e71ffbecd496f617b215eb05" },
    { url = "http://nexus.us.archive.org/repository/pypi-group/packages/psycopg-binary/3.2.5/psycopg_binary-3.2.5-cp313-cp313-win_amd64.whl", hash = "sha256:6b581da13126b8715c0c0585cd37ce934c9864d44b2a4019f5487c0b943275e6" },
]

[[package]]
name = "tzdata"
version = "2025.1"
source = { registry = "http://nexus.us.archive.org/repository/pypi-group/simple" }
sdist = { url = "http://nexus.us.archive.org/repository/pypi-group/packages/tzdata/2025.1/tzdata-2025.1.tar.gz", hash = "sha256:24894909e88cdb28bd1636c6887801df64cb485bd593f2fd83ef29075a81d694" }
wheels = [
    { url = "http://nexus.us.archive.org/repository/pypi-group/packages/tzdata/2025.1/tzdata-2025.1-py2.py3-none-any.whl", hash = "sha256:7e127113816800496f027041c570f50bcd464a020098a3b6b199517772303639" },
]
